
Microsoft Visual Studio Solution File, Format Version 12.00
# Visual Studio 15
VisualStudioVersion = 15.0.27428.2011
MinimumVisualStudioVersion = 10.0.40219.1
Project("{8BC9CEB8-8B4A-11D0-8D11-00A0C91BC942}") = "Ex1-f2c", "Ex1-f2c\Ex1-f2c.vcxproj", "{69BF6CD2-5801-4433-AAE8-5F31C6A9C08B}"
EndProject
Global
	GlobalSection(SolutionConfigurationPlatforms) = preSolution
		Debug|x64 = Debug|x64
		Debug|x86 = Debug|x86
		Release|x64 = Release|x64
		Release|x86 = Release|x86
	EndGlobalSection
	GlobalSection(ProjectConfigurationPlatforms) = postSolution
		{69BF6CD2-5801-4433-AAE8-5F31C6A9C08B}.Debug|x64.ActiveCfg = Debug|x64
		{69BF6CD2-5801-4433-AAE8-5F31C6A9C08B}.Debug|x64.Build.0 = Debug|x64
		{69BF6CD2-5801-4433-AAE8-5F31C6A9C08B}.Debug|x86.ActiveCfg = Debug|Win32
		{69BF6CD2-5801-4433-AAE8-5F31C6A9C08B}.Debug|x86.Build.0 = Debug|Win32
		{69BF6CD2-5801-4433-AAE8-5F31C6A9C08B}.Release|x64.ActiveCfg = Release|x64
		{69BF6CD2-5801-4433-AAE8-5F31C6A9C08B}.Release|x64.Build.0 = Release|x64
		{69BF6CD2-5801-4433-AAE8-5F31C6A9C08B}.Release|x86.ActiveCfg = Release|Win32
		{69BF6CD2-5801-4433-AAE8-5F31C6A9C08B}.Release|x86.Build.0 = Release|Win32
	EndGlobalSection
	GlobalSection(SolutionProperties) = preSolution
		HideSolutionNode = FALSE
	EndGlobalSection
	GlobalSection(ExtensibilityGlobals) = postSolution
		SolutionGuid = {5E6FC139-165A-4886-BB41-4DB0FEE0BFA4}
	EndGlobalSection
EndGlobal
